
Microsoft Visual Studio Solution File, Format Version 12.00
# Visual Studio 15
Project("{FAE04EC0-301F-11D3-BF4B-00C04F79EFBC}") = "FMODUnity", "FMODUnity.csproj", "{AE3EADB3-F458-65CB-A783-7FE9C071D163}"
EndProject
Project("{FAE04EC0-301F-11D3-BF4B-00C04F79EFBC}") = "FMODUnityEditor", "FMODUnityEditor.csproj", "{DAB79C82-8CE7-01F2-03B1-500E5E7EE9A8}"
EndProject
Project("{FAE04EC0-301F-11D3-BF4B-00C04F79EFBC}") = "FMODUnityResonanceEditor", "FMODUnityResonanceEditor.csproj", "{7A75A8D7-B0CF-6139-25FF-87B9122F273F}"
EndProject
Project("{FAE04EC0-301F-11D3-BF4B-00C04F79EFBC}") = "FMODUnityResonance", "FMODUnityResonance.csproj", "{7B4C92D0-E7BC-BFF1-CE41-A4A3CC4C1EE6}"
EndProject
Project("{FAE04EC0-301F-11D3-BF4B-00C04F79EFBC}") = "Assembly-CSharp", "Assembly-CSharp.csproj", "{699CCF57-4AA2-1C02-D15B-F2FE15DD87D9}"
EndProject
Global
	GlobalSection(SolutionConfigurationPlatforms) = preSolution
		Debug|Any CPU = Debug|Any CPU
		Release|Any CPU = Release|Any CPU
	EndGlobalSection
	GlobalSection(ProjectConfigurationPlatforms) = postSolution
		{AE3EADB3-F458-65CB-A783-7FE9C071D163}.Debug|Any CPU.ActiveCfg = Debug|Any CPU
		{AE3EADB3-F458-65CB-A783-7FE9C071D163}.Debug|Any CPU.Build.0 = Debug|Any CPU
		{AE3EADB3-F458-65CB-A783-7FE9C071D163}.Release|Any CPU.ActiveCfg = Release|Any CPU
		{AE3EADB3-F458-65CB-A783-7FE9C071D163}.Release|Any CPU.Build.0 = Release|Any CPU
		{DAB79C82-8CE7-01F2-03B1-500E5E7EE9A8}.Debug|Any CPU.ActiveCfg = Debug|Any CPU
		{DAB79C82-8CE7-01F2-03B1-500E5E7EE9A8}.Debug|Any CPU.Build.0 = Debug|Any CPU
		{DAB79C82-8CE7-01F2-03B1-500E5E7EE9A8}.Release|Any CPU.ActiveCfg = Release|Any CPU
		{DAB79C82-8CE7-01F2-03B1-500E5E7EE9A8}.Release|Any CPU.Build.0 = Release|Any CPU
		{7A75A8D7-B0CF-6139-25FF-87B9122F273F}.Debug|Any CPU.ActiveCfg = Debug|Any CPU
		{7A75A8D7-B0CF-6139-25FF-87B9122F273F}.Debug|Any CPU.Build.0 = Debug|Any CPU
		{7A75A8D7-B0CF-6139-25FF-87B9122F273F}.Release|Any CPU.ActiveCfg = Release|Any CPU
		{7A75A8D7-B0CF-6139-25FF-87B9122F273F}.Release|Any CPU.Build.0 = Release|Any CPU
		{7B4C92D0-E7BC-BFF1-CE41-A4A3CC4C1EE6}.Debug|Any CPU.ActiveCfg = Debug|Any CPU
		{7B4C92D0-E7BC-BFF1-CE41-A4A3CC4C1EE6}.Debug|Any CPU.Build.0 = Debug|Any CPU
		{7B4C92D0-E7BC-BFF1-CE41-A4A3CC4C1EE6}.Release|Any CPU.ActiveCfg = Release|Any CPU
		{7B4C92D0-E7BC-BFF1-CE41-A4A3CC4C1EE6}.Release|Any CPU.Build.0 = Release|Any CPU
		{699CCF57-4AA2-1C02-D15B-F2FE15DD87D9}.Debug|Any CPU.ActiveCfg = Debug|Any CPU
		{699CCF57-4AA2-1C02-D15B-F2FE15DD87D9}.Debug|Any CPU.Build.0 = Debug|Any CPU
		{699CCF57-4AA2-1C02-D15B-F2FE15DD87D9}.Release|Any CPU.ActiveCfg = Release|Any CPU
		{699CCF57-4AA2-1C02-D15B-F2FE15DD87D9}.Release|Any CPU.Build.0 = Release|Any CPU
	EndGlobalSection
	GlobalSection(SolutionProperties) = preSolution
		HideSolutionNode = FALSE
	EndGlobalSection
EndGlobal
